
Microsoft Visual Studio Solution File, Format Version 12.00
# Visual Studio Version 16
VisualStudioVersion = 16.0.29201.188
MinimumVisualStudioVersion = 10.0.40219.1
Project("{FAE04EC0-301F-11D3-BF4B-00C04F79EFBC}") = "Kelmen.ONI.Mods.ConduitFilters", "Kelmen.ONI.Mods.ConduitFilters\Kelmen.ONI.Mods.ConduitFilters.csproj", "{0DE50496-2755-48D0-82EB-A73B64E97B08}"
EndProject
Project("{FAE04EC0-301F-11D3-BF4B-00C04F79EFBC}") = "Kelmen.ONI.Mods.ValvesEx", "Kelmen.ONI.Mods.ValvesEx\Kelmen.ONI.Mods.ValvesEx.csproj", "{E49F3CDF-8551-4392-9108-01E250D96F3E}"
EndProject
Project("{FAE04EC0-301F-11D3-BF4B-00C04F79EFBC}") = "Kelmen.ONI.Mods.Shared", "Kelmen.ONI.Mods.Shared\Kelmen.ONI.Mods.Shared.csproj", "{35076C73-E2BC-42B3-A626-DF042C0747AF}"
EndProject
Project("{FAE04EC0-301F-11D3-BF4B-00C04F79EFBC}") = "Kelmen.ONI.Mods.Power.Transformers", "Kelmen.ONI.Mods.Power.Transformers\Kelmen.ONI.Mods.Power.Transformers.csproj", "{A62932F8-5F91-4628-B9B9-4BA986EBD0C7}"
EndProject
Project("{FAE04EC0-301F-11D3-BF4B-00C04F79EFBC}") = "Kelmen.ONI.Mods.StorageBins", "Kelmen.ONI.Mods.StorageBins\Kelmen.ONI.Mods.StorageBins.csproj", "{93C599D5-65E7-4BB4-AE99-631E94DF9B56}"
EndProject
Global
	GlobalSection(SolutionConfigurationPlatforms) = preSolution
		Debug|Any CPU = Debug|Any CPU
		Release|Any CPU = Release|Any CPU
	EndGlobalSection
	GlobalSection(ProjectConfigurationPlatforms) = postSolution
		{0DE50496-2755-48D0-82EB-A73B64E97B08}.Debug|Any CPU.ActiveCfg = Debug|Any CPU
		{0DE50496-2755-48D0-82EB-A73B64E97B08}.Debug|Any CPU.Build.0 = Debug|Any CPU
		{0DE50496-2755-48D0-82EB-A73B64E97B08}.Release|Any CPU.ActiveCfg = Release|Any CPU
		{0DE50496-2755-48D0-82EB-A73B64E97B08}.Release|Any CPU.Build.0 = Release|Any CPU
		{E49F3CDF-8551-4392-9108-01E250D96F3E}.Debug|Any CPU.ActiveCfg = Debug|Any CPU
		{E49F3CDF-8551-4392-9108-01E250D96F3E}.Debug|Any CPU.Build.0 = Debug|Any CPU
		{E49F3CDF-8551-4392-9108-01E250D96F3E}.Release|Any CPU.ActiveCfg = Release|Any CPU
		{E49F3CDF-8551-4392-9108-01E250D96F3E}.Release|Any CPU.Build.0 = Release|Any CPU
		{35076C73-E2BC-42B3-A626-DF042C0747AF}.Debug|Any CPU.ActiveCfg = Debug|Any CPU
		{35076C73-E2BC-42B3-A626-DF042C0747AF}.Debug|Any CPU.Build.0 = Debug|Any CPU
		{35076C73-E2BC-42B3-A626-DF042C0747AF}.Release|Any CPU.ActiveCfg = Release|Any CPU
		{35076C73-E2BC-42B3-A626-DF042C0747AF}.Release|Any CPU.Build.0 = Release|Any CPU
		{A62932F8-5F91-4628-B9B9-4BA986EBD0C7}.Debug|Any CPU.ActiveCfg = Debug|Any CPU
		{A62932F8-5F91-4628-B9B9-4BA986EBD0C7}.Debug|Any CPU.Build.0 = Debug|Any CPU
		{A62932F8-5F91-4628-B9B9-4BA986EBD0C7}.Release|Any CPU.ActiveCfg = Release|Any CPU
		{A62932F8-5F91-4628-B9B9-4BA986EBD0C7}.Release|Any CPU.Build.0 = Release|Any CPU
		{93C599D5-65E7-4BB4-AE99-631E94DF9B56}.Debug|Any CPU.ActiveCfg = Debug|Any CPU
		{93C599D5-65E7-4BB4-AE99-631E94DF9B56}.Debug|Any CPU.Build.0 = Debug|Any CPU
		{93C599D5-65E7-4BB4-AE99-631E94DF9B56}.Release|Any CPU.ActiveCfg = Release|Any CPU
		{93C599D5-65E7-4BB4-AE99-631E94DF9B56}.Release|Any CPU.Build.0 = Release|Any CPU
	EndGlobalSection
	GlobalSection(SolutionProperties) = preSolution
		HideSolutionNode = FALSE
	EndGlobalSection
	GlobalSection(ExtensibilityGlobals) = postSolution
		SolutionGuid = {80AF048E-A11F-43C2-953F-F463F4E35470}
	EndGlobalSection
EndGlobal
